<?xml version="1.0" encoding="UTF-8" standalone="yes" ?>
<CodeBlocks_project_file>
	<FileVersion major="1" minor="6" />
	<Project>
		<Option title="DoCe_Pila" />
		<Option pch_mode="2" />
		<Option compiler="gcc" />
		<Build>
			<Target title="Debug">
				<Option output="bin/Debug/DoCe_Pila" prefix_auto="1" extension_auto="1" />
				<Option object_output="obj/Debug/" />
				<Option type="1" />
				<Option compiler="gcc" />
				<Compiler>
					<Add option="-g" />
				</Compiler>
			</Target>
			<Target title="Release">
				<Option output="bin/Release/DoCe_Pila" prefix_auto="1" extension_auto="1" />
				<Option object_output="obj/Release/" />
				<Option type="1" />
				<Option compiler="gcc" />
				<Compiler>
					<Add option="-O2" />
				</Compiler>
				<Linker>
					<Add option="-s" />
				</Linker>
			</Target>
		</Build>
		<Compiler>
			<Add option="-Wall" />
		</Compiler>
		<Unit filename="Libraries/DoCe.c">
			<Option compilerVar="CC" />
		</Unit>
		<Unit filename="Libraries/DoCe.h" />
		<Unit filename="Libraries/cola.c">
			<Option compilerVar="CC" />
		</Unit>
		<Unit filename="Libraries/cola.h" />
		<Unit filename="Libraries/listaSimple.c">
			<Option compilerVar="CC" />
		</Unit>
		<Unit filename="Libraries/listaSimple.h" />
		<Unit filename="Libraries/pila.c">
			<Option compilerVar="CC" />
		</Unit>
		<Unit filename="Libraries/pila.h" />
		<Unit filename="Libraries/utilidades.h" />
		<Unit filename="main.c">
			<Option compilerVar="CC" />
		</Unit>
		<Extensions />
	</Project>
</CodeBlocks_project_file>
